
Microsoft Visual Studio Solution File, Format Version 12.00
# Visual Studio 15
VisualStudioVersion = 15.0.28010.2016
MinimumVisualStudioVersion = 10.0.40219.1
Project("{FAE04EC0-301F-11D3-BF4B-00C04F79EFBC}") = "GiraffeApp", "GiraffeApp\GiraffeApp.csproj", "{A81F837F-AEF7-421A-8F82-45E1D65F2A17}"
EndProject
Global
	GlobalSection(SolutionConfigurationPlatforms) = preSolution
		Debug|Any CPU = Debug|Any CPU
		Release|Any CPU = Release|Any CPU
	EndGlobalSection
	GlobalSection(ProjectConfigurationPlatforms) = postSolution
		{A81F837F-AEF7-421A-8F82-45E1D65F2A17}.Debug|Any CPU.ActiveCfg = Debug|Any CPU
		{A81F837F-AEF7-421A-8F82-45E1D65F2A17}.Debug|Any CPU.Build.0 = Debug|Any CPU
		{A81F837F-AEF7-421A-8F82-45E1D65F2A17}.Release|Any CPU.ActiveCfg = Release|Any CPU
		{A81F837F-AEF7-421A-8F82-45E1D65F2A17}.Release|Any CPU.Build.0 = Release|Any CPU
	EndGlobalSection
	GlobalSection(SolutionProperties) = preSolution
		HideSolutionNode = FALSE
	EndGlobalSection
	GlobalSection(ExtensibilityGlobals) = postSolution
		SolutionGuid = {5C5BBD7F-B945-4C70-A770-17D19BF4712B}
	EndGlobalSection
EndGlobal
